
Microsoft Visual Studio Solution File, Format Version 12.00
# Visual Studio Version 17
VisualStudioVersion = 17.3.32901.215
MinimumVisualStudioVersion = 10.0.40219.1
Project("{9A19103F-16F7-4668-BE54-9A1E7A4F7556}") = "GoPOS", "GoPOS\GoPOS.csproj", "{EA766772-EA2D-42DB-9C43-4A45DB115246}"
EndProject
Project("{9A19103F-16F7-4668-BE54-9A1E7A4F7556}") = "GoShared", "GoShared\GoShared.csproj", "{E5027100-9D88-4329-9416-8C7000DBACFE}"
EndProject
Project("{9A19103F-16F7-4668-BE54-9A1E7A4F7556}") = "GoPOS.Models", "GoPOS.Models\GoPOS.Models.csproj", "{B68F11A0-AD4A-412A-BF85-3F4CBD2D11B4}"
EndProject
Project("{9A19103F-16F7-4668-BE54-9A1E7A4F7556}") = "GoPOS.Common", "GoPOS.Common\GoPOS.Common.csproj", "{995CEB64-D381-40BB-AC11-E6C91DA89628}"
EndProject
Project("{9A19103F-16F7-4668-BE54-9A1E7A4F7556}") = "GoPOS.Sales", "GoPOS.Sales\GoPOS.Sales.csproj", "{D36EAFE3-5D56-4CDA-9C8B-8FD38E342FDA}"
EndProject
Project("{9A19103F-16F7-4668-BE54-9A1E7A4F7556}") = "GoPOS.Service", "GoPOS.Service\GoPOS.Service.csproj", "{A216B9A2-DC6E-4302-AF26-A7132726337F}"
EndProject
Project("{9A19103F-16F7-4668-BE54-9A1E7A4F7556}") = "GoPOS.Payment", "GoPOS.Payment\GoPOS.Payment.csproj", "{A7F8D3A8-273C-4E0E-A81A-9EE29122FFF7}"
EndProject
Project("{9A19103F-16F7-4668-BE54-9A1E7A4F7556}") = "GoPOS.Resources", "GoPOS.Resources\GoPOS.Resources.csproj", "{4C9A5702-871F-4E06-81D7-D8FC2836274E}"
EndProject
Project("{9A19103F-16F7-4668-BE54-9A1E7A4F7556}") = "TestApp", "TestApp\TestApp.csproj", "{ADD86F2B-25BD-45A5-8C3F-56F607DF4B81}"
EndProject
Project("{9A19103F-16F7-4668-BE54-9A1E7A4F7556}") = "GoPOS.SellingStatus", "GoPOS.SellingStatus\GoPOS.SellingStatus.csproj", "{73FAFAEC-8979-4287-9CCB-0F40AC92558E}"
EndProject
Project("{9A19103F-16F7-4668-BE54-9A1E7A4F7556}") = "GoPOS.ConfigSetup", "GoPOS.ConfigSetup\GoPOS.ConfigSetup.csproj", "{3B539F90-8F4F-475C-B38E-0FCE1C2E979F}"
EndProject
Project("{2150E333-8FDC-42A3-9474-1A3956D46DE8}") = "Test", "Test", "{BF5BBE58-EFAA-42FC-8A3E-DDB97D6D7141}"
EndProject
Project("{9A19103F-16F7-4668-BE54-9A1E7A4F7556}") = "ReceiptPrinterLib", "ReceiptPrinterTestApp-master\ReceiptPrinterLib\ReceiptPrinterLib.csproj", "{A88C7A3F-6E1A-4C1C-A7A5-551B8C838D52}"
EndProject
Project("{9A19103F-16F7-4668-BE54-9A1E7A4F7556}") = "ReceiptPrinterTestApp", "ReceiptPrinterTestApp-master\ReceiptPrinterTestApp\ReceiptPrinterTestApp.csproj", "{E73F2D7F-3C18-4EA0-B8CE-898983123C0D}"
EndProject
Project("{9A19103F-16F7-4668-BE54-9A1E7A4F7556}") = "GoPOS.OrderPay", "GoPOS.OrderPay\GoPOS.OrderPay.csproj", "{C0335EEA-5F1C-4338-AB10-757A0A51B9F2}"
EndProject
Project("{9A19103F-16F7-4668-BE54-9A1E7A4F7556}") = "Update", "Update\Update.csproj", "{802F0B6E-E1FF-47A1-964C-221A387323F6}"
EndProject
Project("{9A19103F-16F7-4668-BE54-9A1E7A4F7556}") = "WpfTestApp", "TestApps\WpfTestApp\WpfTestApp.csproj", "{8FD036F9-7A90-45A4-91AF-7B5D9B5BC5BC}"
EndProject
Project("{9A19103F-16F7-4668-BE54-9A1E7A4F7556}") = "GoposVanTest", "TestApps\GoposVanTest\GoposVanTest\GoposVanTest.csproj", "{C14D443C-DEF4-4970-9921-00BB3CC9B3A9}"
EndProject
Project("{2150E333-8FDC-42A3-9474-1A3956D46DE8}") = "Solution Items", "Solution Items", "{9B121C67-60B1-4F4B-AE65-C337BD76DA0D}"
	ProjectSection(SolutionItems) = preProject
		.editorconfig = .editorconfig
	EndProjectSection
EndProject
Project("{9A19103F-16F7-4668-BE54-9A1E7A4F7556}") = "GoPOS.SalePurchase", "GoPOS.SalePurchase\GoPOS.SalePurchase.csproj", "{183C0C51-26E8-4BA3-BBA8-84C36939BF91}"
EndProject
Global
	GlobalSection(SolutionConfigurationPlatforms) = preSolution
		Debug|Any CPU = Debug|Any CPU
		Debug|x64 = Debug|x64
		Debug|x86 = Debug|x86
		Release|Any CPU = Release|Any CPU
		Release|x64 = Release|x64
		Release|x86 = Release|x86
	EndGlobalSection
	GlobalSection(ProjectConfigurationPlatforms) = postSolution
		{EA766772-EA2D-42DB-9C43-4A45DB115246}.Debug|Any CPU.ActiveCfg = Debug|Any CPU
		{EA766772-EA2D-42DB-9C43-4A45DB115246}.Debug|Any CPU.Build.0 = Debug|Any CPU
		{EA766772-EA2D-42DB-9C43-4A45DB115246}.Debug|x64.ActiveCfg = Debug|Any CPU
		{EA766772-EA2D-42DB-9C43-4A45DB115246}.Debug|x64.Build.0 = Debug|Any CPU
		{EA766772-EA2D-42DB-9C43-4A45DB115246}.Debug|x86.ActiveCfg = Debug|Any CPU
		{EA766772-EA2D-42DB-9C43-4A45DB115246}.Debug|x86.Build.0 = Debug|Any CPU
		{EA766772-EA2D-42DB-9C43-4A45DB115246}.Release|Any CPU.ActiveCfg = Release|Any CPU
		{EA766772-EA2D-42DB-9C43-4A45DB115246}.Release|Any CPU.Build.0 = Release|Any CPU
		{EA766772-EA2D-42DB-9C43-4A45DB115246}.Release|x64.ActiveCfg = Release|Any CPU
		{EA766772-EA2D-42DB-9C43-4A45DB115246}.Release|x64.Build.0 = Release|Any CPU
		{EA766772-EA2D-42DB-9C43-4A45DB115246}.Release|x86.ActiveCfg = Release|Any CPU
		{EA766772-EA2D-42DB-9C43-4A45DB115246}.Release|x86.Build.0 = Release|Any CPU
		{E5027100-9D88-4329-9416-8C7000DBACFE}.Debug|Any CPU.ActiveCfg = Debug|Any CPU
		{E5027100-9D88-4329-9416-8C7000DBACFE}.Debug|Any CPU.Build.0 = Debug|Any CPU
		{E5027100-9D88-4329-9416-8C7000DBACFE}.Debug|x64.ActiveCfg = Debug|Any CPU
		{E5027100-9D88-4329-9416-8C7000DBACFE}.Debug|x64.Build.0 = Debug|Any CPU
		{E5027100-9D88-4329-9416-8C7000DBACFE}.Debug|x86.ActiveCfg = Debug|Any CPU
		{E5027100-9D88-4329-9416-8C7000DBACFE}.Debug|x86.Build.0 = Debug|Any CPU
		{E5027100-9D88-4329-9416-8C7000DBACFE}.Release|Any CPU.ActiveCfg = Release|Any CPU
		{E5027100-9D88-4329-9416-8C7000DBACFE}.Release|Any CPU.Build.0 = Release|Any CPU
		{E5027100-9D88-4329-9416-8C7000DBACFE}.Release|x64.ActiveCfg = Release|Any CPU
		{E5027100-9D88-4329-9416-8C7000DBACFE}.Release|x64.Build.0 = Release|Any CPU
		{E5027100-9D88-4329-9416-8C7000DBACFE}.Release|x86.ActiveCfg = Release|Any CPU
		{E5027100-9D88-4329-9416-8C7000DBACFE}.Release|x86.Build.0 = Release|Any CPU
		{B68F11A0-AD4A-412A-BF85-3F4CBD2D11B4}.Debug|Any CPU.ActiveCfg = Debug|Any CPU
		{B68F11A0-AD4A-412A-BF85-3F4CBD2D11B4}.Debug|Any CPU.Build.0 = Debug|Any CPU
		{B68F11A0-AD4A-412A-BF85-3F4CBD2D11B4}.Debug|x64.ActiveCfg = Debug|Any CPU
		{B68F11A0-AD4A-412A-BF85-3F4CBD2D11B4}.Debug|x64.Build.0 = Debug|Any CPU
		{B68F11A0-AD4A-412A-BF85-3F4CBD2D11B4}.Debug|x86.ActiveCfg = Debug|Any CPU
		{B68F11A0-AD4A-412A-BF85-3F4CBD2D11B4}.Debug|x86.Build.0 = Debug|Any CPU
		{B68F11A0-AD4A-412A-BF85-3F4CBD2D11B4}.Release|Any CPU.ActiveCfg = Release|Any CPU
		{B68F11A0-AD4A-412A-BF85-3F4CBD2D11B4}.Release|Any CPU.Build.0 = Release|Any CPU
		{B68F11A0-AD4A-412A-BF85-3F4CBD2D11B4}.Release|x64.ActiveCfg = Release|Any CPU
		{B68F11A0-AD4A-412A-BF85-3F4CBD2D11B4}.Release|x64.Build.0 = Release|Any CPU
		{B68F11A0-AD4A-412A-BF85-3F4CBD2D11B4}.Release|x86.ActiveCfg = Release|Any CPU
		{B68F11A0-AD4A-412A-BF85-3F4CBD2D11B4}.Release|x86.Build.0 = Release|Any CPU
		{995CEB64-D381-40BB-AC11-E6C91DA89628}.Debug|Any CPU.ActiveCfg = Debug|Any CPU
		{995CEB64-D381-40BB-AC11-E6C91DA89628}.Debug|Any CPU.Build.0 = Debug|Any CPU
		{995CEB64-D381-40BB-AC11-E6C91DA89628}.Debug|x64.ActiveCfg = Debug|Any CPU
		{995CEB64-D381-40BB-AC11-E6C91DA89628}.Debug|x64.Build.0 = Debug|Any CPU
		{995CEB64-D381-40BB-AC11-E6C91DA89628}.Debug|x86.ActiveCfg = Debug|Any CPU
		{995CEB64-D381-40BB-AC11-E6C91DA89628}.Debug|x86.Build.0 = Debug|Any CPU
		{995CEB64-D381-40BB-AC11-E6C91DA89628}.Release|Any CPU.ActiveCfg = Release|Any CPU
		{995CEB64-D381-40BB-AC11-E6C91DA89628}.Release|Any CPU.Build.0 = Release|Any CPU
		{995CEB64-D381-40BB-AC11-E6C91DA89628}.Release|x64.ActiveCfg = Release|Any CPU
		{995CEB64-D381-40BB-AC11-E6C91DA89628}.Release|x64.Build.0 = Release|Any CPU
		{995CEB64-D381-40BB-AC11-E6C91DA89628}.Release|x86.ActiveCfg = Release|Any CPU
		{995CEB64-D381-40BB-AC11-E6C91DA89628}.Release|x86.Build.0 = Release|Any CPU
		{D36EAFE3-5D56-4CDA-9C8B-8FD38E342FDA}.Debug|Any CPU.ActiveCfg = Debug|Any CPU
		{D36EAFE3-5D56-4CDA-9C8B-8FD38E342FDA}.Debug|Any CPU.Build.0 = Debug|Any CPU
		{D36EAFE3-5D56-4CDA-9C8B-8FD38E342FDA}.Debug|x64.ActiveCfg = Debug|Any CPU
		{D36EAFE3-5D56-4CDA-9C8B-8FD38E342FDA}.Debug|x64.Build.0 = Debug|Any CPU
		{D36EAFE3-5D56-4CDA-9C8B-8FD38E342FDA}.Debug|x86.ActiveCfg = Debug|Any CPU
		{D36EAFE3-5D56-4CDA-9C8B-8FD38E342FDA}.Debug|x86.Build.0 = Debug|Any CPU
		{D36EAFE3-5D56-4CDA-9C8B-8FD38E342FDA}.Release|Any CPU.ActiveCfg = Release|Any CPU
		{D36EAFE3-5D56-4CDA-9C8B-8FD38E342FDA}.Release|Any CPU.Build.0 = Release|Any CPU
		{D36EAFE3-5D56-4CDA-9C8B-8FD38E342FDA}.Release|x64.ActiveCfg = Release|Any CPU
		{D36EAFE3-5D56-4CDA-9C8B-8FD38E342FDA}.Release|x64.Build.0 = Release|Any CPU
		{D36EAFE3-5D56-4CDA-9C8B-8FD38E342FDA}.Release|x86.ActiveCfg = Release|Any CPU
		{D36EAFE3-5D56-4CDA-9C8B-8FD38E342FDA}.Release|x86.Build.0 = Release|Any CPU
		{A216B9A2-DC6E-4302-AF26-A7132726337F}.Debug|Any CPU.ActiveCfg = Debug|Any CPU
		{A216B9A2-DC6E-4302-AF26-A7132726337F}.Debug|Any CPU.Build.0 = Debug|Any CPU
		{A216B9A2-DC6E-4302-AF26-A7132726337F}.Debug|x64.ActiveCfg = Debug|Any CPU
		{A216B9A2-DC6E-4302-AF26-A7132726337F}.Debug|x64.Build.0 = Debug|Any CPU
		{A216B9A2-DC6E-4302-AF26-A7132726337F}.Debug|x86.ActiveCfg = Debug|Any CPU
		{A216B9A2-DC6E-4302-AF26-A7132726337F}.Debug|x86.Build.0 = Debug|Any CPU
		{A216B9A2-DC6E-4302-AF26-A7132726337F}.Release|Any CPU.ActiveCfg = Release|Any CPU
		{A216B9A2-DC6E-4302-AF26-A7132726337F}.Release|Any CPU.Build.0 = Release|Any CPU
		{A216B9A2-DC6E-4302-AF26-A7132726337F}.Release|x64.ActiveCfg = Release|Any CPU
		{A216B9A2-DC6E-4302-AF26-A7132726337F}.Release|x64.Build.0 = Release|Any CPU
		{A216B9A2-DC6E-4302-AF26-A7132726337F}.Release|x86.ActiveCfg = Release|Any CPU
		{A216B9A2-DC6E-4302-AF26-A7132726337F}.Release|x86.Build.0 = Release|Any CPU
		{A7F8D3A8-273C-4E0E-A81A-9EE29122FFF7}.Debug|Any CPU.ActiveCfg = Debug|Any CPU
		{A7F8D3A8-273C-4E0E-A81A-9EE29122FFF7}.Debug|Any CPU.Build.0 = Debug|Any CPU
		{A7F8D3A8-273C-4E0E-A81A-9EE29122FFF7}.Debug|x64.ActiveCfg = Debug|Any CPU
		{A7F8D3A8-273C-4E0E-A81A-9EE29122FFF7}.Debug|x64.Build.0 = Debug|Any CPU
		{A7F8D3A8-273C-4E0E-A81A-9EE29122FFF7}.Debug|x86.ActiveCfg = Debug|Any CPU
		{A7F8D3A8-273C-4E0E-A81A-9EE29122FFF7}.Debug|x86.Build.0 = Debug|Any CPU
		{A7F8D3A8-273C-4E0E-A81A-9EE29122FFF7}.Release|Any CPU.ActiveCfg = Release|Any CPU
		{A7F8D3A8-273C-4E0E-A81A-9EE29122FFF7}.Release|Any CPU.Build.0 = Release|Any CPU
		{A7F8D3A8-273C-4E0E-A81A-9EE29122FFF7}.Release|x64.ActiveCfg = Release|Any CPU
		{A7F8D3A8-273C-4E0E-A81A-9EE29122FFF7}.Release|x64.Build.0 = Release|Any CPU
		{A7F8D3A8-273C-4E0E-A81A-9EE29122FFF7}.Release|x86.ActiveCfg = Release|Any CPU
		{A7F8D3A8-273C-4E0E-A81A-9EE29122FFF7}.Release|x86.Build.0 = Release|Any CPU
		{4C9A5702-871F-4E06-81D7-D8FC2836274E}.Debug|Any CPU.ActiveCfg = Debug|Any CPU
		{4C9A5702-871F-4E06-81D7-D8FC2836274E}.Debug|Any CPU.Build.0 = Debug|Any CPU
		{4C9A5702-871F-4E06-81D7-D8FC2836274E}.Debug|x64.ActiveCfg = Debug|Any CPU
		{4C9A5702-871F-4E06-81D7-D8FC2836274E}.Debug|x64.Build.0 = Debug|Any CPU
		{4C9A5702-871F-4E06-81D7-D8FC2836274E}.Debug|x86.ActiveCfg = Debug|Any CPU
		{4C9A5702-871F-4E06-81D7-D8FC2836274E}.Debug|x86.Build.0 = Debug|Any CPU
		{4C9A5702-871F-4E06-81D7-D8FC2836274E}.Release|Any CPU.ActiveCfg = Release|Any CPU
		{4C9A5702-871F-4E06-81D7-D8FC2836274E}.Release|Any CPU.Build.0 = Release|Any CPU
		{4C9A5702-871F-4E06-81D7-D8FC2836274E}.Release|x64.ActiveCfg = Release|Any CPU
		{4C9A5702-871F-4E06-81D7-D8FC2836274E}.Release|x64.Build.0 = Release|Any CPU
		{4C9A5702-871F-4E06-81D7-D8FC2836274E}.Release|x86.ActiveCfg = Release|Any CPU
		{4C9A5702-871F-4E06-81D7-D8FC2836274E}.Release|x86.Build.0 = Release|Any CPU
		{ADD86F2B-25BD-45A5-8C3F-56F607DF4B81}.Debug|Any CPU.ActiveCfg = Debug|Any CPU
		{ADD86F2B-25BD-45A5-8C3F-56F607DF4B81}.Debug|x64.ActiveCfg = Debug|Any CPU
		{ADD86F2B-25BD-45A5-8C3F-56F607DF4B81}.Debug|x64.Build.0 = Debug|Any CPU
		{ADD86F2B-25BD-45A5-8C3F-56F607DF4B81}.Debug|x86.ActiveCfg = Debug|Any CPU
		{ADD86F2B-25BD-45A5-8C3F-56F607DF4B81}.Debug|x86.Build.0 = Debug|Any CPU
		{ADD86F2B-25BD-45A5-8C3F-56F607DF4B81}.Release|Any CPU.ActiveCfg = Release|Any CPU
		{ADD86F2B-25BD-45A5-8C3F-56F607DF4B81}.Release|Any CPU.Build.0 = Release|Any CPU
		{ADD86F2B-25BD-45A5-8C3F-56F607DF4B81}.Release|x64.ActiveCfg = Release|Any CPU
		{ADD86F2B-25BD-45A5-8C3F-56F607DF4B81}.Release|x64.Build.0 = Release|Any CPU
		{ADD86F2B-25BD-45A5-8C3F-56F607DF4B81}.Release|x86.ActiveCfg = Release|Any CPU
		{ADD86F2B-25BD-45A5-8C3F-56F607DF4B81}.Release|x86.Build.0 = Release|Any CPU
		{73FAFAEC-8979-4287-9CCB-0F40AC92558E}.Debug|Any CPU.ActiveCfg = Debug|Any CPU
		{73FAFAEC-8979-4287-9CCB-0F40AC92558E}.Debug|Any CPU.Build.0 = Debug|Any CPU
		{73FAFAEC-8979-4287-9CCB-0F40AC92558E}.Debug|x64.ActiveCfg = Debug|Any CPU
		{73FAFAEC-8979-4287-9CCB-0F40AC92558E}.Debug|x64.Build.0 = Debug|Any CPU
		{73FAFAEC-8979-4287-9CCB-0F40AC92558E}.Debug|x86.ActiveCfg = Debug|Any CPU
		{73FAFAEC-8979-4287-9CCB-0F40AC92558E}.Debug|x86.Build.0 = Debug|Any CPU
		{73FAFAEC-8979-4287-9CCB-0F40AC92558E}.Release|Any CPU.ActiveCfg = Release|Any CPU
		{73FAFAEC-8979-4287-9CCB-0F40AC92558E}.Release|Any CPU.Build.0 = Release|Any CPU
		{73FAFAEC-8979-4287-9CCB-0F40AC92558E}.Release|x64.ActiveCfg = Release|Any CPU
		{73FAFAEC-8979-4287-9CCB-0F40AC92558E}.Release|x64.Build.0 = Release|Any CPU
		{73FAFAEC-8979-4287-9CCB-0F40AC92558E}.Release|x86.ActiveCfg = Release|Any CPU
		{73FAFAEC-8979-4287-9CCB-0F40AC92558E}.Release|x86.Build.0 = Release|Any CPU
		{3B539F90-8F4F-475C-B38E-0FCE1C2E979F}.Debug|Any CPU.ActiveCfg = Debug|Any CPU
		{3B539F90-8F4F-475C-B38E-0FCE1C2E979F}.Debug|Any CPU.Build.0 = Debug|Any CPU
		{3B539F90-8F4F-475C-B38E-0FCE1C2E979F}.Debug|x64.ActiveCfg = Debug|Any CPU
		{3B539F90-8F4F-475C-B38E-0FCE1C2E979F}.Debug|x64.Build.0 = Debug|Any CPU
		{3B539F90-8F4F-475C-B38E-0FCE1C2E979F}.Debug|x86.ActiveCfg = Debug|Any CPU
		{3B539F90-8F4F-475C-B38E-0FCE1C2E979F}.Debug|x86.Build.0 = Debug|Any CPU
		{3B539F90-8F4F-475C-B38E-0FCE1C2E979F}.Release|Any CPU.ActiveCfg = Release|Any CPU
		{3B539F90-8F4F-475C-B38E-0FCE1C2E979F}.Release|Any CPU.Build.0 = Release|Any CPU
		{3B539F90-8F4F-475C-B38E-0FCE1C2E979F}.Release|x64.ActiveCfg = Release|Any CPU
		{3B539F90-8F4F-475C-B38E-0FCE1C2E979F}.Release|x64.Build.0 = Release|Any CPU
		{3B539F90-8F4F-475C-B38E-0FCE1C2E979F}.Release|x86.ActiveCfg = Release|Any CPU
		{3B539F90-8F4F-475C-B38E-0FCE1C2E979F}.Release|x86.Build.0 = Release|Any CPU
		{A88C7A3F-6E1A-4C1C-A7A5-551B8C838D52}.Debug|Any CPU.ActiveCfg = Debug|Any CPU
		{A88C7A3F-6E1A-4C1C-A7A5-551B8C838D52}.Debug|Any CPU.Build.0 = Debug|Any CPU
		{A88C7A3F-6E1A-4C1C-A7A5-551B8C838D52}.Debug|x64.ActiveCfg = Debug|Any CPU
		{A88C7A3F-6E1A-4C1C-A7A5-551B8C838D52}.Debug|x64.Build.0 = Debug|Any CPU
		{A88C7A3F-6E1A-4C1C-A7A5-551B8C838D52}.Debug|x86.ActiveCfg = Debug|Any CPU
		{A88C7A3F-6E1A-4C1C-A7A5-551B8C838D52}.Debug|x86.Build.0 = Debug|Any CPU
		{A88C7A3F-6E1A-4C1C-A7A5-551B8C838D52}.Release|Any CPU.ActiveCfg = Release|Any CPU
		{A88C7A3F-6E1A-4C1C-A7A5-551B8C838D52}.Release|Any CPU.Build.0 = Release|Any CPU
		{A88C7A3F-6E1A-4C1C-A7A5-551B8C838D52}.Release|x64.ActiveCfg = Release|Any CPU
		{A88C7A3F-6E1A-4C1C-A7A5-551B8C838D52}.Release|x64.Build.0 = Release|Any CPU
		{A88C7A3F-6E1A-4C1C-A7A5-551B8C838D52}.Release|x86.ActiveCfg = Release|Any CPU
		{A88C7A3F-6E1A-4C1C-A7A5-551B8C838D52}.Release|x86.Build.0 = Release|Any CPU
		{E73F2D7F-3C18-4EA0-B8CE-898983123C0D}.Debug|Any CPU.ActiveCfg = Debug|Any CPU
		{E73F2D7F-3C18-4EA0-B8CE-898983123C0D}.Debug|Any CPU.Build.0 = Debug|Any CPU
		{E73F2D7F-3C18-4EA0-B8CE-898983123C0D}.Debug|x64.ActiveCfg = Debug|Any CPU
		{E73F2D7F-3C18-4EA0-B8CE-898983123C0D}.Debug|x64.Build.0 = Debug|Any CPU
		{E73F2D7F-3C18-4EA0-B8CE-898983123C0D}.Debug|x86.ActiveCfg = Debug|Any CPU
		{E73F2D7F-3C18-4EA0-B8CE-898983123C0D}.Debug|x86.Build.0 = Debug|Any CPU
		{E73F2D7F-3C18-4EA0-B8CE-898983123C0D}.Release|Any CPU.ActiveCfg = Release|Any CPU
		{E73F2D7F-3C18-4EA0-B8CE-898983123C0D}.Release|Any CPU.Build.0 = Release|Any CPU
		{E73F2D7F-3C18-4EA0-B8CE-898983123C0D}.Release|x64.ActiveCfg = Release|Any CPU
		{E73F2D7F-3C18-4EA0-B8CE-898983123C0D}.Release|x64.Build.0 = Release|Any CPU
		{E73F2D7F-3C18-4EA0-B8CE-898983123C0D}.Release|x86.ActiveCfg = Release|Any CPU
		{E73F2D7F-3C18-4EA0-B8CE-898983123C0D}.Release|x86.Build.0 = Release|Any CPU
		{C0335EEA-5F1C-4338-AB10-757A0A51B9F2}.Debug|Any CPU.ActiveCfg = Debug|Any CPU
		{C0335EEA-5F1C-4338-AB10-757A0A51B9F2}.Debug|Any CPU.Build.0 = Debug|Any CPU
		{C0335EEA-5F1C-4338-AB10-757A0A51B9F2}.Debug|x64.ActiveCfg = Debug|Any CPU
		{C0335EEA-5F1C-4338-AB10-757A0A51B9F2}.Debug|x64.Build.0 = Debug|Any CPU
		{C0335EEA-5F1C-4338-AB10-757A0A51B9F2}.Debug|x86.ActiveCfg = Debug|Any CPU
		{C0335EEA-5F1C-4338-AB10-757A0A51B9F2}.Debug|x86.Build.0 = Debug|Any CPU
		{C0335EEA-5F1C-4338-AB10-757A0A51B9F2}.Release|Any CPU.ActiveCfg = Release|Any CPU
		{C0335EEA-5F1C-4338-AB10-757A0A51B9F2}.Release|Any CPU.Build.0 = Release|Any CPU
		{C0335EEA-5F1C-4338-AB10-757A0A51B9F2}.Release|x64.ActiveCfg = Release|Any CPU
		{C0335EEA-5F1C-4338-AB10-757A0A51B9F2}.Release|x64.Build.0 = Release|Any CPU
		{C0335EEA-5F1C-4338-AB10-757A0A51B9F2}.Release|x86.ActiveCfg = Release|Any CPU
		{C0335EEA-5F1C-4338-AB10-757A0A51B9F2}.Release|x86.Build.0 = Release|Any CPU
		{802F0B6E-E1FF-47A1-964C-221A387323F6}.Debug|Any CPU.ActiveCfg = Debug|Any CPU
		{802F0B6E-E1FF-47A1-964C-221A387323F6}.Debug|Any CPU.Build.0 = Debug|Any CPU
		{802F0B6E-E1FF-47A1-964C-221A387323F6}.Debug|x64.ActiveCfg = Debug|Any CPU
		{802F0B6E-E1FF-47A1-964C-221A387323F6}.Debug|x64.Build.0 = Debug|Any CPU
		{802F0B6E-E1FF-47A1-964C-221A387323F6}.Debug|x86.ActiveCfg = Debug|Any CPU
		{802F0B6E-E1FF-47A1-964C-221A387323F6}.Debug|x86.Build.0 = Debug|Any CPU
		{802F0B6E-E1FF-47A1-964C-221A387323F6}.Release|Any CPU.ActiveCfg = Release|Any CPU
		{802F0B6E-E1FF-47A1-964C-221A387323F6}.Release|Any CPU.Build.0 = Release|Any CPU
		{802F0B6E-E1FF-47A1-964C-221A387323F6}.Release|x64.ActiveCfg = Release|Any CPU
		{802F0B6E-E1FF-47A1-964C-221A387323F6}.Release|x64.Build.0 = Release|Any CPU
		{802F0B6E-E1FF-47A1-964C-221A387323F6}.Release|x86.ActiveCfg = Release|Any CPU
		{802F0B6E-E1FF-47A1-964C-221A387323F6}.Release|x86.Build.0 = Release|Any CPU
		{8FD036F9-7A90-45A4-91AF-7B5D9B5BC5BC}.Debug|Any CPU.ActiveCfg = Debug|Any CPU
		{8FD036F9-7A90-45A4-91AF-7B5D9B5BC5BC}.Debug|Any CPU.Build.0 = Debug|Any CPU
		{8FD036F9-7A90-45A4-91AF-7B5D9B5BC5BC}.Debug|x64.ActiveCfg = Debug|Any CPU
		{8FD036F9-7A90-45A4-91AF-7B5D9B5BC5BC}.Debug|x64.Build.0 = Debug|Any CPU
		{8FD036F9-7A90-45A4-91AF-7B5D9B5BC5BC}.Debug|x86.ActiveCfg = Debug|Any CPU
		{8FD036F9-7A90-45A4-91AF-7B5D9B5BC5BC}.Debug|x86.Build.0 = Debug|Any CPU
		{8FD036F9-7A90-45A4-91AF-7B5D9B5BC5BC}.Release|Any CPU.ActiveCfg = Release|Any CPU
		{8FD036F9-7A90-45A4-91AF-7B5D9B5BC5BC}.Release|Any CPU.Build.0 = Release|Any CPU
		{8FD036F9-7A90-45A4-91AF-7B5D9B5BC5BC}.Release|x64.ActiveCfg = Release|Any CPU
		{8FD036F9-7A90-45A4-91AF-7B5D9B5BC5BC}.Release|x64.Build.0 = Release|Any CPU
		{8FD036F9-7A90-45A4-91AF-7B5D9B5BC5BC}.Release|x86.ActiveCfg = Release|Any CPU
		{8FD036F9-7A90-45A4-91AF-7B5D9B5BC5BC}.Release|x86.Build.0 = Release|Any CPU
		{C14D443C-DEF4-4970-9921-00BB3CC9B3A9}.Debug|Any CPU.ActiveCfg = Debug|Any CPU
		{C14D443C-DEF4-4970-9921-00BB3CC9B3A9}.Debug|Any CPU.Build.0 = Debug|Any CPU
		{C14D443C-DEF4-4970-9921-00BB3CC9B3A9}.Debug|x64.ActiveCfg = Debug|x64
		{C14D443C-DEF4-4970-9921-00BB3CC9B3A9}.Debug|x64.Build.0 = Debug|x64
		{C14D443C-DEF4-4970-9921-00BB3CC9B3A9}.Debug|x86.ActiveCfg = Debug|x86
		{C14D443C-DEF4-4970-9921-00BB3CC9B3A9}.Debug|x86.Build.0 = Debug|x86
		{C14D443C-DEF4-4970-9921-00BB3CC9B3A9}.Release|Any CPU.ActiveCfg = Release|Any CPU
		{C14D443C-DEF4-4970-9921-00BB3CC9B3A9}.Release|Any CPU.Build.0 = Release|Any CPU
		{C14D443C-DEF4-4970-9921-00BB3CC9B3A9}.Release|x64.ActiveCfg = Release|x64
		{C14D443C-DEF4-4970-9921-00BB3CC9B3A9}.Release|x64.Build.0 = Release|x64
		{C14D443C-DEF4-4970-9921-00BB3CC9B3A9}.Release|x86.ActiveCfg = Release|x86
		{C14D443C-DEF4-4970-9921-00BB3CC9B3A9}.Release|x86.Build.0 = Release|x86
		{183C0C51-26E8-4BA3-BBA8-84C36939BF91}.Debug|Any CPU.ActiveCfg = Debug|Any CPU
		{183C0C51-26E8-4BA3-BBA8-84C36939BF91}.Debug|Any CPU.Build.0 = Debug|Any CPU
		{183C0C51-26E8-4BA3-BBA8-84C36939BF91}.Debug|x64.ActiveCfg = Debug|Any CPU
		{183C0C51-26E8-4BA3-BBA8-84C36939BF91}.Debug|x64.Build.0 = Debug|Any CPU
		{183C0C51-26E8-4BA3-BBA8-84C36939BF91}.Debug|x86.ActiveCfg = Debug|Any CPU
		{183C0C51-26E8-4BA3-BBA8-84C36939BF91}.Debug|x86.Build.0 = Debug|Any CPU
		{183C0C51-26E8-4BA3-BBA8-84C36939BF91}.Release|Any CPU.ActiveCfg = Release|Any CPU
		{183C0C51-26E8-4BA3-BBA8-84C36939BF91}.Release|Any CPU.Build.0 = Release|Any CPU
		{183C0C51-26E8-4BA3-BBA8-84C36939BF91}.Release|x64.ActiveCfg = Release|Any CPU
		{183C0C51-26E8-4BA3-BBA8-84C36939BF91}.Release|x64.Build.0 = Release|Any CPU
		{183C0C51-26E8-4BA3-BBA8-84C36939BF91}.Release|x86.ActiveCfg = Release|Any CPU
		{183C0C51-26E8-4BA3-BBA8-84C36939BF91}.Release|x86.Build.0 = Release|Any CPU
	EndGlobalSection
	GlobalSection(SolutionProperties) = preSolution
		HideSolutionNode = FALSE
	EndGlobalSection
	GlobalSection(NestedProjects) = preSolution
		{ADD86F2B-25BD-45A5-8C3F-56F607DF4B81} = {BF5BBE58-EFAA-42FC-8A3E-DDB97D6D7141}
		{A88C7A3F-6E1A-4C1C-A7A5-551B8C838D52} = {BF5BBE58-EFAA-42FC-8A3E-DDB97D6D7141}
		{E73F2D7F-3C18-4EA0-B8CE-898983123C0D} = {BF5BBE58-EFAA-42FC-8A3E-DDB97D6D7141}
		{8FD036F9-7A90-45A4-91AF-7B5D9B5BC5BC} = {BF5BBE58-EFAA-42FC-8A3E-DDB97D6D7141}
		{C14D443C-DEF4-4970-9921-00BB3CC9B3A9} = {BF5BBE58-EFAA-42FC-8A3E-DDB97D6D7141}
	EndGlobalSection
	GlobalSection(ExtensibilityGlobals) = postSolution
		SolutionGuid = {920DD02B-328E-4987-9AF2-014C1BAC1535}
	EndGlobalSection
EndGlobal
