
Microsoft Visual Studio Solution File, Format Version 12.00
# Visual Studio Version 17
VisualStudioVersion = 17.5.33530.505
MinimumVisualStudioVersion = 10.0.40219.1
Project("{9A19103F-16F7-4668-BE54-9A1E7A4F7556}") = "WinFormsBlazor", "WinFormsBlazor\WinFormsBlazor.csproj", "{039C7FF2-1481-4217-AA63-7E6D0EC3A6CE}"
EndProject
Global
	GlobalSection(SolutionConfigurationPlatforms) = preSolution
		Debug|Any CPU = Debug|Any CPU
		Debug|x64 = Debug|x64
		Debug|x86 = Debug|x86
		Release|Any CPU = Release|Any CPU
		Release|x64 = Release|x64
		Release|x86 = Release|x86
	EndGlobalSection
	GlobalSection(ProjectConfigurationPlatforms) = postSolution
		{039C7FF2-1481-4217-AA63-7E6D0EC3A6CE}.Debug|Any CPU.ActiveCfg = Debug|Any CPU
		{039C7FF2-1481-4217-AA63-7E6D0EC3A6CE}.Debug|Any CPU.Build.0 = Debug|Any CPU
		{039C7FF2-1481-4217-AA63-7E6D0EC3A6CE}.Debug|x64.ActiveCfg = Debug|x64
		{039C7FF2-1481-4217-AA63-7E6D0EC3A6CE}.Debug|x64.Build.0 = Debug|x64
		{039C7FF2-1481-4217-AA63-7E6D0EC3A6CE}.Debug|x86.ActiveCfg = Debug|x86
		{039C7FF2-1481-4217-AA63-7E6D0EC3A6CE}.Debug|x86.Build.0 = Debug|x86
		{039C7FF2-1481-4217-AA63-7E6D0EC3A6CE}.Release|Any CPU.ActiveCfg = Release|Any CPU
		{039C7FF2-1481-4217-AA63-7E6D0EC3A6CE}.Release|Any CPU.Build.0 = Release|Any CPU
		{039C7FF2-1481-4217-AA63-7E6D0EC3A6CE}.Release|x64.ActiveCfg = Release|x64
		{039C7FF2-1481-4217-AA63-7E6D0EC3A6CE}.Release|x64.Build.0 = Release|x64
		{039C7FF2-1481-4217-AA63-7E6D0EC3A6CE}.Release|x86.ActiveCfg = Release|x86
		{039C7FF2-1481-4217-AA63-7E6D0EC3A6CE}.Release|x86.Build.0 = Release|x86
	EndGlobalSection
	GlobalSection(SolutionProperties) = preSolution
		HideSolutionNode = FALSE
	EndGlobalSection
	GlobalSection(ExtensibilityGlobals) = postSolution
		SolutionGuid = {7F9F2064-E329-4B97-B491-3FF193F9D505}
	EndGlobalSection
EndGlobal
